
Microsoft Visual Studio Solution File, Format Version 12.00
# Visual Studio Version 16
VisualStudioVersion = 16.0.31112.23
MinimumVisualStudioVersion = 10.0.40219.1
Project("{FAE04EC0-301F-11D3-BF4B-00C04F79EFBC}") = "CaseStudyToonDieltjens", "CaseStudyToonDieltjens\CaseStudyToonDieltjens.csproj", "{08FC5090-E85B-4736-A35F-A1BC8ECBE8FB}"
EndProject
Global
	GlobalSection(SolutionConfigurationPlatforms) = preSolution
		Debug|Any CPU = Debug|Any CPU
		Release|Any CPU = Release|Any CPU
	EndGlobalSection
	GlobalSection(ProjectConfigurationPlatforms) = postSolution
		{08FC5090-E85B-4736-A35F-A1BC8ECBE8FB}.Debug|Any CPU.ActiveCfg = Debug|Any CPU
		{08FC5090-E85B-4736-A35F-A1BC8ECBE8FB}.Debug|Any CPU.Build.0 = Debug|Any CPU
		{08FC5090-E85B-4736-A35F-A1BC8ECBE8FB}.Release|Any CPU.ActiveCfg = Release|Any CPU
		{08FC5090-E85B-4736-A35F-A1BC8ECBE8FB}.Release|Any CPU.Build.0 = Release|Any CPU
	EndGlobalSection
	GlobalSection(SolutionProperties) = preSolution
		HideSolutionNode = FALSE
	EndGlobalSection
	GlobalSection(ExtensibilityGlobals) = postSolution
		SolutionGuid = {BC1806B1-5406-4754-BC5F-2E70E97104C6}
	EndGlobalSection
EndGlobal
